
Microsoft Visual Studio Solution File, Format Version 12.00
# Visual Studio Version 16
VisualStudioVersion = 16.0.28809.33
MinimumVisualStudioVersion = 10.0.40219.1
Project("{FAE04EC0-301F-11D3-BF4B-00C04F79EFBC}") = "NonRegularHierarchicModel", "NonRegularHierarchicModel\NonRegularHierarchicModel.csproj", "{09ADFD58-61A9-4A46-B9CF-4B7BA6466EC0}"
EndProject
Project("{FAE04EC0-301F-11D3-BF4B-00C04F79EFBC}") = "RandNet", "RandNet\RandNet.csproj", "{3A01DECF-0C90-4078-8D0F-242230EABDEB}"
EndProject
Project("{FAE04EC0-301F-11D3-BF4B-00C04F79EFBC}") = "RandNetStat", "RandNetStat\RandNetStat.csproj", "{566C1F0E-AA95-4D41-9A0C-BB7D919108AD}"
EndProject
Project("{FAE04EC0-301F-11D3-BF4B-00C04F79EFBC}") = "RandomNumberGeneration", "RandomNumberGeneration\RandomNumberGeneration.csproj", "{C64D64AC-5910-485F-9EE3-60E525952ECE}"
EndProject
Project("{FAE04EC0-301F-11D3-BF4B-00C04F79EFBC}") = "RegularHierarchicModel", "RegularHierarchicModel\RegularHierarchicModel.csproj", "{14D01A9A-6A57-4E91-B06A-FB9F4E674924}"
EndProject
Project("{FAE04EC0-301F-11D3-BF4B-00C04F79EFBC}") = "Research", "Research\Research.csproj", "{9EAE0FEA-76B8-4C94-9580-6D0902D9D328}"
EndProject
Project("{FAE04EC0-301F-11D3-BF4B-00C04F79EFBC}") = "Session", "Session\Session.csproj", "{CCFA6E32-253E-4E0D-A8FA-5856069268F9}"
EndProject
Project("{FAE04EC0-301F-11D3-BF4B-00C04F79EFBC}") = "Storage", "Storage\Storage.csproj", "{0F69615E-50D1-40D9-896A-2887A8C68B09}"
EndProject
Project("{2150E333-8FDC-42A3-9474-1A3956D46DE8}") = "Tests", "Tests", "{C868A953-A814-4347-BBF1-539267C99E98}"
	ProjectSection(SolutionItems) = preProject
		Tests\Existing_Tests.docx = Tests\Existing_Tests.docx
	EndProjectSection
EndProject
Project("{2150E333-8FDC-42A3-9474-1A3956D46DE8}") = "er_tests", "er_tests", "{8DAC7C79-FD66-4A7F-BB82-C0A47AA4E355}"
	ProjectSection(SolutionItems) = preProject
		Tests\er_tests\e1.xml = Tests\er_tests\e1.xml
		Tests\er_tests\e10.xml = Tests\er_tests\e10.xml
		Tests\er_tests\e11.xml = Tests\er_tests\e11.xml
		Tests\er_tests\e12.xml = Tests\er_tests\e12.xml
		Tests\er_tests\e2.xml = Tests\er_tests\e2.xml
		Tests\er_tests\e21.xml = Tests\er_tests\e21.xml
		Tests\er_tests\e3.xml = Tests\er_tests\e3.xml
		Tests\er_tests\e4.xml = Tests\er_tests\e4.xml
		Tests\er_tests\e9.xml = Tests\er_tests\e9.xml
	EndProjectSection
EndProject
Project("{2150E333-8FDC-42A3-9474-1A3956D46DE8}") = "matrixes", "matrixes", "{24284E74-8AC3-42AB-8AA5-BA3AFC5B41A2}"
	ProjectSection(SolutionItems) = preProject
		Tests\matrixes\h10_0.branches = Tests\matrixes\h10_0.branches
		Tests\matrixes\h10_0.txt = Tests\matrixes\h10_0.txt
		Tests\matrixes\h11_0.branches = Tests\matrixes\h11_0.branches
		Tests\matrixes\h11_0.txt = Tests\matrixes\h11_0.txt
		Tests\matrixes\h12_0.branches = Tests\matrixes\h12_0.branches
		Tests\matrixes\h12_0.txt = Tests\matrixes\h12_0.txt
		Tests\matrixes\h13_0.branches = Tests\matrixes\h13_0.branches
		Tests\matrixes\h13_0.txt = Tests\matrixes\h13_0.txt
		Tests\matrixes\h14_0.branches = Tests\matrixes\h14_0.branches
		Tests\matrixes\h14_0.txt = Tests\matrixes\h14_0.txt
		Tests\matrixes\h15_0.branches = Tests\matrixes\h15_0.branches
		Tests\matrixes\h15_0.txt = Tests\matrixes\h15_0.txt
		Tests\matrixes\h16_0.branches = Tests\matrixes\h16_0.branches
		Tests\matrixes\h16_0.txt = Tests\matrixes\h16_0.txt
		Tests\matrixes\h17_0.branches = Tests\matrixes\h17_0.branches
		Tests\matrixes\h17_0.txt = Tests\matrixes\h17_0.txt
		Tests\matrixes\h18_0.branches = Tests\matrixes\h18_0.branches
		Tests\matrixes\h18_0.txt = Tests\matrixes\h18_0.txt
		Tests\matrixes\h19_0.branches = Tests\matrixes\h19_0.branches
		Tests\matrixes\h19_0.txt = Tests\matrixes\h19_0.txt
		Tests\matrixes\h1_0.branches = Tests\matrixes\h1_0.branches
		Tests\matrixes\h1_0.txt = Tests\matrixes\h1_0.txt
		Tests\matrixes\h20_0.branches = Tests\matrixes\h20_0.branches
		Tests\matrixes\h20_0.txt = Tests\matrixes\h20_0.txt
		Tests\matrixes\h21_0.branches = Tests\matrixes\h21_0.branches
		Tests\matrixes\h21_0.txt = Tests\matrixes\h21_0.txt
		Tests\matrixes\h22_0.branches = Tests\matrixes\h22_0.branches
		Tests\matrixes\h22_0.txt = Tests\matrixes\h22_0.txt
		Tests\matrixes\h23_0.branches = Tests\matrixes\h23_0.branches
		Tests\matrixes\h23_0.txt = Tests\matrixes\h23_0.txt
		Tests\matrixes\h24_0.branches = Tests\matrixes\h24_0.branches
		Tests\matrixes\h24_0.txt = Tests\matrixes\h24_0.txt
		Tests\matrixes\h25_0.branches = Tests\matrixes\h25_0.branches
		Tests\matrixes\h25_0.txt = Tests\matrixes\h25_0.txt
		Tests\matrixes\h2_0.branches = Tests\matrixes\h2_0.branches
		Tests\matrixes\h2_0.txt = Tests\matrixes\h2_0.txt
		Tests\matrixes\h3_0.branches = Tests\matrixes\h3_0.branches
		Tests\matrixes\h3_0.txt = Tests\matrixes\h3_0.txt
		Tests\matrixes\h4_0.branches = Tests\matrixes\h4_0.branches
		Tests\matrixes\h4_0.txt = Tests\matrixes\h4_0.txt
		Tests\matrixes\h5_0.branches = Tests\matrixes\h5_0.branches
		Tests\matrixes\h5_0.txt = Tests\matrixes\h5_0.txt
		Tests\matrixes\h6_0.branches = Tests\matrixes\h6_0.branches
		Tests\matrixes\h6_0.txt = Tests\matrixes\h6_0.txt
		Tests\matrixes\h7_0.branches = Tests\matrixes\h7_0.branches
		Tests\matrixes\h7_0.txt = Tests\matrixes\h7_0.txt
		Tests\matrixes\h8_0.branches = Tests\matrixes\h8_0.branches
		Tests\matrixes\h8_0.txt = Tests\matrixes\h8_0.txt
		Tests\matrixes\h9_0.branches = Tests\matrixes\h9_0.branches
		Tests\matrixes\h9_0.txt = Tests\matrixes\h9_0.txt
	EndProjectSection
EndProject
Project("{2150E333-8FDC-42A3-9474-1A3956D46DE8}") = "non_regular_hierarchic_tests", "non_regular_hierarchic_tests", "{2F9E408C-0BFB-4D37-9645-750A8752BDB4}"
	ProjectSection(SolutionItems) = preProject
		Tests\non_regular_hierarchic_tests\nh1.xml = Tests\non_regular_hierarchic_tests\nh1.xml
		Tests\non_regular_hierarchic_tests\nh10.xml = Tests\non_regular_hierarchic_tests\nh10.xml
		Tests\non_regular_hierarchic_tests\nh11.xml = Tests\non_regular_hierarchic_tests\nh11.xml
		Tests\non_regular_hierarchic_tests\nh12.xml = Tests\non_regular_hierarchic_tests\nh12.xml
		Tests\non_regular_hierarchic_tests\nh13.xml = Tests\non_regular_hierarchic_tests\nh13.xml
		Tests\non_regular_hierarchic_tests\nh14.xml = Tests\non_regular_hierarchic_tests\nh14.xml
		Tests\non_regular_hierarchic_tests\nh15.xml = Tests\non_regular_hierarchic_tests\nh15.xml
		Tests\non_regular_hierarchic_tests\nh16.xml = Tests\non_regular_hierarchic_tests\nh16.xml
		Tests\non_regular_hierarchic_tests\nh17.xml = Tests\non_regular_hierarchic_tests\nh17.xml
		Tests\non_regular_hierarchic_tests\nh18.xml = Tests\non_regular_hierarchic_tests\nh18.xml
		Tests\non_regular_hierarchic_tests\nh19.xml = Tests\non_regular_hierarchic_tests\nh19.xml
		Tests\non_regular_hierarchic_tests\nh2.xml = Tests\non_regular_hierarchic_tests\nh2.xml
		Tests\non_regular_hierarchic_tests\nh20.xml = Tests\non_regular_hierarchic_tests\nh20.xml
		Tests\non_regular_hierarchic_tests\nh21.xml = Tests\non_regular_hierarchic_tests\nh21.xml
		Tests\non_regular_hierarchic_tests\nh22.xml = Tests\non_regular_hierarchic_tests\nh22.xml
		Tests\non_regular_hierarchic_tests\nh23.xml = Tests\non_regular_hierarchic_tests\nh23.xml
		Tests\non_regular_hierarchic_tests\nh24.xml = Tests\non_regular_hierarchic_tests\nh24.xml
		Tests\non_regular_hierarchic_tests\nh25.xml = Tests\non_regular_hierarchic_tests\nh25.xml
		Tests\non_regular_hierarchic_tests\nh3.xml = Tests\non_regular_hierarchic_tests\nh3.xml
		Tests\non_regular_hierarchic_tests\nh4.xml = Tests\non_regular_hierarchic_tests\nh4.xml
		Tests\non_regular_hierarchic_tests\nh5.xml = Tests\non_regular_hierarchic_tests\nh5.xml
		Tests\non_regular_hierarchic_tests\nh6.xml = Tests\non_regular_hierarchic_tests\nh6.xml
		Tests\non_regular_hierarchic_tests\nh7.xml = Tests\non_regular_hierarchic_tests\nh7.xml
		Tests\non_regular_hierarchic_tests\nh8.xml = Tests\non_regular_hierarchic_tests\nh8.xml
		Tests\non_regular_hierarchic_tests\nh9.xml = Tests\non_regular_hierarchic_tests\nh9.xml
	EndProjectSection
EndProject
Project("{2150E333-8FDC-42A3-9474-1A3956D46DE8}") = "regular_hierarchic_tests", "regular_hierarchic_tests", "{D4F2D80E-E10A-4A3A-BDCA-2DC3C1BECA9B}"
	ProjectSection(SolutionItems) = preProject
		Tests\regular_hierarchic_tests\h1.xml = Tests\regular_hierarchic_tests\h1.xml
		Tests\regular_hierarchic_tests\h10.xml = Tests\regular_hierarchic_tests\h10.xml
		Tests\regular_hierarchic_tests\h11.xml = Tests\regular_hierarchic_tests\h11.xml
		Tests\regular_hierarchic_tests\h12.xml = Tests\regular_hierarchic_tests\h12.xml
		Tests\regular_hierarchic_tests\h13.xml = Tests\regular_hierarchic_tests\h13.xml
		Tests\regular_hierarchic_tests\h14.xml = Tests\regular_hierarchic_tests\h14.xml
		Tests\regular_hierarchic_tests\h15.xml = Tests\regular_hierarchic_tests\h15.xml
		Tests\regular_hierarchic_tests\h16.xml = Tests\regular_hierarchic_tests\h16.xml
		Tests\regular_hierarchic_tests\h17.xml = Tests\regular_hierarchic_tests\h17.xml
		Tests\regular_hierarchic_tests\h18.xml = Tests\regular_hierarchic_tests\h18.xml
		Tests\regular_hierarchic_tests\h19.xml = Tests\regular_hierarchic_tests\h19.xml
		Tests\regular_hierarchic_tests\h2.xml = Tests\regular_hierarchic_tests\h2.xml
		Tests\regular_hierarchic_tests\h20.xml = Tests\regular_hierarchic_tests\h20.xml
		Tests\regular_hierarchic_tests\h21.xml = Tests\regular_hierarchic_tests\h21.xml
		Tests\regular_hierarchic_tests\h22.xml = Tests\regular_hierarchic_tests\h22.xml
		Tests\regular_hierarchic_tests\h23.xml = Tests\regular_hierarchic_tests\h23.xml
		Tests\regular_hierarchic_tests\h24.xml = Tests\regular_hierarchic_tests\h24.xml
		Tests\regular_hierarchic_tests\h25.xml = Tests\regular_hierarchic_tests\h25.xml
		Tests\regular_hierarchic_tests\h3.xml = Tests\regular_hierarchic_tests\h3.xml
		Tests\regular_hierarchic_tests\h4.xml = Tests\regular_hierarchic_tests\h4.xml
		Tests\regular_hierarchic_tests\h5.xml = Tests\regular_hierarchic_tests\h5.xml
		Tests\regular_hierarchic_tests\h6.xml = Tests\regular_hierarchic_tests\h6.xml
		Tests\regular_hierarchic_tests\h7.xml = Tests\regular_hierarchic_tests\h7.xml
		Tests\regular_hierarchic_tests\h8.xml = Tests\regular_hierarchic_tests\h8.xml
		Tests\regular_hierarchic_tests\h9.xml = Tests\regular_hierarchic_tests\h9.xml
	EndProjectSection
EndProject
Project("{FAE04EC0-301F-11D3-BF4B-00C04F79EFBC}") = "WSModel", "WSModel\WSModel.csproj", "{F5E77D3F-86E7-435B-B269-C1F618EB829C}"
EndProject
Project("{FAE04EC0-301F-11D3-BF4B-00C04F79EFBC}") = "BAModel", "BAModel\BAModel.csproj", "{EC12671D-FB67-4E24-9CB7-0785CE78BD06}"
EndProject
Project("{FAE04EC0-301F-11D3-BF4B-00C04F79EFBC}") = "Core", "Core\Core.csproj", "{479C57F7-2B45-48F4-B434-C7E59D0B0F7B}"
EndProject
Project("{FAE04EC0-301F-11D3-BF4B-00C04F79EFBC}") = "ERModel", "ERModel\ERModel.csproj", "{F89973D5-0B32-4DAA-80B7-8A5A7F717168}"
EndProject
Project("{FAE04EC0-301F-11D3-BF4B-00C04F79EFBC}") = "Manager", "Manager\Manager.csproj", "{815A286D-DAF5-42B6-90E6-9CB1AA73CCB2}"
EndProject
Project("{FAE04EC0-301F-11D3-BF4B-00C04F79EFBC}") = "NetworkModel", "NetworkModel\NetworkModel.csproj", "{8C7DE68F-5FCC-4779-AE38-5EACEB84A4EC}"
EndProject
Project("{FAE04EC0-301F-11D3-BF4B-00C04F79EFBC}") = "ModelChecking", "ModelChecking\ModelChecking.csproj", "{8F6B53CF-9E41-4535-BAB4-CCF1F34A8238}"
EndProject
Project("{FAE04EC0-301F-11D3-BF4B-00C04F79EFBC}") = "HMNModel", "HMNModel\HMNModel.csproj", "{6D6AF5BB-B73C-4A48-B798-3B2CF22A70AB}"
EndProject
Project("{FAE04EC0-301F-11D3-BF4B-00C04F79EFBC}") = "Api", "Api\Api.csproj", "{854BB370-F593-4B1E-AA64-D42C22365BC1}"
EndProject
Global
	GlobalSection(SolutionConfigurationPlatforms) = preSolution
		Debug|Any CPU = Debug|Any CPU
		Debug|x64 = Debug|x64
		Debug|x86 = Debug|x86
		Release|Any CPU = Release|Any CPU
		Release|x64 = Release|x64
		Release|x86 = Release|x86
	EndGlobalSection
	GlobalSection(ProjectConfigurationPlatforms) = postSolution
		{09ADFD58-61A9-4A46-B9CF-4B7BA6466EC0}.Debug|Any CPU.ActiveCfg = Debug|Any CPU
		{09ADFD58-61A9-4A46-B9CF-4B7BA6466EC0}.Debug|Any CPU.Build.0 = Debug|Any CPU
		{09ADFD58-61A9-4A46-B9CF-4B7BA6466EC0}.Debug|x64.ActiveCfg = Debug|x64
		{09ADFD58-61A9-4A46-B9CF-4B7BA6466EC0}.Debug|x64.Build.0 = Debug|x64
		{09ADFD58-61A9-4A46-B9CF-4B7BA6466EC0}.Debug|x86.ActiveCfg = Debug|Any CPU
		{09ADFD58-61A9-4A46-B9CF-4B7BA6466EC0}.Debug|x86.Build.0 = Debug|Any CPU
		{09ADFD58-61A9-4A46-B9CF-4B7BA6466EC0}.Release|Any CPU.ActiveCfg = Release|Any CPU
		{09ADFD58-61A9-4A46-B9CF-4B7BA6466EC0}.Release|Any CPU.Build.0 = Release|Any CPU
		{09ADFD58-61A9-4A46-B9CF-4B7BA6466EC0}.Release|x64.ActiveCfg = Release|x64
		{09ADFD58-61A9-4A46-B9CF-4B7BA6466EC0}.Release|x64.Build.0 = Release|x64
		{09ADFD58-61A9-4A46-B9CF-4B7BA6466EC0}.Release|x86.ActiveCfg = Release|Any CPU
		{09ADFD58-61A9-4A46-B9CF-4B7BA6466EC0}.Release|x86.Build.0 = Release|Any CPU
		{3A01DECF-0C90-4078-8D0F-242230EABDEB}.Debug|Any CPU.ActiveCfg = Debug|x86
		{3A01DECF-0C90-4078-8D0F-242230EABDEB}.Debug|Any CPU.Build.0 = Debug|x86
		{3A01DECF-0C90-4078-8D0F-242230EABDEB}.Debug|x64.ActiveCfg = Debug|x64
		{3A01DECF-0C90-4078-8D0F-242230EABDEB}.Debug|x64.Build.0 = Debug|x64
		{3A01DECF-0C90-4078-8D0F-242230EABDEB}.Debug|x86.ActiveCfg = Debug|x86
		{3A01DECF-0C90-4078-8D0F-242230EABDEB}.Debug|x86.Build.0 = Debug|x86
		{3A01DECF-0C90-4078-8D0F-242230EABDEB}.Release|Any CPU.ActiveCfg = Release|x86
		{3A01DECF-0C90-4078-8D0F-242230EABDEB}.Release|x64.ActiveCfg = Release|x64
		{3A01DECF-0C90-4078-8D0F-242230EABDEB}.Release|x64.Build.0 = Release|x64
		{3A01DECF-0C90-4078-8D0F-242230EABDEB}.Release|x86.ActiveCfg = Release|x86
		{3A01DECF-0C90-4078-8D0F-242230EABDEB}.Release|x86.Build.0 = Release|x86
		{566C1F0E-AA95-4D41-9A0C-BB7D919108AD}.Debug|Any CPU.ActiveCfg = Debug|x86
		{566C1F0E-AA95-4D41-9A0C-BB7D919108AD}.Debug|Any CPU.Build.0 = Debug|x86
		{566C1F0E-AA95-4D41-9A0C-BB7D919108AD}.Debug|x64.ActiveCfg = Debug|x64
		{566C1F0E-AA95-4D41-9A0C-BB7D919108AD}.Debug|x64.Build.0 = Debug|x64
		{566C1F0E-AA95-4D41-9A0C-BB7D919108AD}.Debug|x86.ActiveCfg = Debug|x86
		{566C1F0E-AA95-4D41-9A0C-BB7D919108AD}.Debug|x86.Build.0 = Debug|x86
		{566C1F0E-AA95-4D41-9A0C-BB7D919108AD}.Release|Any CPU.ActiveCfg = Release|x86
		{566C1F0E-AA95-4D41-9A0C-BB7D919108AD}.Release|x64.ActiveCfg = Release|x64
		{566C1F0E-AA95-4D41-9A0C-BB7D919108AD}.Release|x64.Build.0 = Release|x64
		{566C1F0E-AA95-4D41-9A0C-BB7D919108AD}.Release|x86.ActiveCfg = Release|x86
		{566C1F0E-AA95-4D41-9A0C-BB7D919108AD}.Release|x86.Build.0 = Release|x86
		{C64D64AC-5910-485F-9EE3-60E525952ECE}.Debug|Any CPU.ActiveCfg = Debug|Any CPU
		{C64D64AC-5910-485F-9EE3-60E525952ECE}.Debug|Any CPU.Build.0 = Debug|Any CPU
		{C64D64AC-5910-485F-9EE3-60E525952ECE}.Debug|x64.ActiveCfg = Debug|x64
		{C64D64AC-5910-485F-9EE3-60E525952ECE}.Debug|x64.Build.0 = Debug|x64
		{C64D64AC-5910-485F-9EE3-60E525952ECE}.Debug|x86.ActiveCfg = Debug|Any CPU
		{C64D64AC-5910-485F-9EE3-60E525952ECE}.Debug|x86.Build.0 = Debug|Any CPU
		{C64D64AC-5910-485F-9EE3-60E525952ECE}.Release|Any CPU.ActiveCfg = Release|Any CPU
		{C64D64AC-5910-485F-9EE3-60E525952ECE}.Release|Any CPU.Build.0 = Release|Any CPU
		{C64D64AC-5910-485F-9EE3-60E525952ECE}.Release|x64.ActiveCfg = Release|x64
		{C64D64AC-5910-485F-9EE3-60E525952ECE}.Release|x64.Build.0 = Release|x64
		{C64D64AC-5910-485F-9EE3-60E525952ECE}.Release|x86.ActiveCfg = Release|Any CPU
		{C64D64AC-5910-485F-9EE3-60E525952ECE}.Release|x86.Build.0 = Release|Any CPU
		{14D01A9A-6A57-4E91-B06A-FB9F4E674924}.Debug|Any CPU.ActiveCfg = Debug|Any CPU
		{14D01A9A-6A57-4E91-B06A-FB9F4E674924}.Debug|Any CPU.Build.0 = Debug|Any CPU
		{14D01A9A-6A57-4E91-B06A-FB9F4E674924}.Debug|x64.ActiveCfg = Debug|x64
		{14D01A9A-6A57-4E91-B06A-FB9F4E674924}.Debug|x64.Build.0 = Debug|x64
		{14D01A9A-6A57-4E91-B06A-FB9F4E674924}.Debug|x86.ActiveCfg = Debug|Any CPU
		{14D01A9A-6A57-4E91-B06A-FB9F4E674924}.Debug|x86.Build.0 = Debug|Any CPU
		{14D01A9A-6A57-4E91-B06A-FB9F4E674924}.Release|Any CPU.ActiveCfg = Release|Any CPU
		{14D01A9A-6A57-4E91-B06A-FB9F4E674924}.Release|Any CPU.Build.0 = Release|Any CPU
		{14D01A9A-6A57-4E91-B06A-FB9F4E674924}.Release|x64.ActiveCfg = Release|x64
		{14D01A9A-6A57-4E91-B06A-FB9F4E674924}.Release|x64.Build.0 = Release|x64
		{14D01A9A-6A57-4E91-B06A-FB9F4E674924}.Release|x86.ActiveCfg = Release|Any CPU
		{14D01A9A-6A57-4E91-B06A-FB9F4E674924}.Release|x86.Build.0 = Release|Any CPU
		{9EAE0FEA-76B8-4C94-9580-6D0902D9D328}.Debug|Any CPU.ActiveCfg = Debug|Any CPU
		{9EAE0FEA-76B8-4C94-9580-6D0902D9D328}.Debug|Any CPU.Build.0 = Debug|Any CPU
		{9EAE0FEA-76B8-4C94-9580-6D0902D9D328}.Debug|x64.ActiveCfg = Debug|x64
		{9EAE0FEA-76B8-4C94-9580-6D0902D9D328}.Debug|x64.Build.0 = Debug|x64
		{9EAE0FEA-76B8-4C94-9580-6D0902D9D328}.Debug|x86.ActiveCfg = Debug|Any CPU
		{9EAE0FEA-76B8-4C94-9580-6D0902D9D328}.Debug|x86.Build.0 = Debug|Any CPU
		{9EAE0FEA-76B8-4C94-9580-6D0902D9D328}.Release|Any CPU.ActiveCfg = Release|Any CPU
		{9EAE0FEA-76B8-4C94-9580-6D0902D9D328}.Release|Any CPU.Build.0 = Release|Any CPU
		{9EAE0FEA-76B8-4C94-9580-6D0902D9D328}.Release|x64.ActiveCfg = Release|x64
		{9EAE0FEA-76B8-4C94-9580-6D0902D9D328}.Release|x64.Build.0 = Release|x64
		{9EAE0FEA-76B8-4C94-9580-6D0902D9D328}.Release|x86.ActiveCfg = Release|Any CPU
		{9EAE0FEA-76B8-4C94-9580-6D0902D9D328}.Release|x86.Build.0 = Release|Any CPU
		{CCFA6E32-253E-4E0D-A8FA-5856069268F9}.Debug|Any CPU.ActiveCfg = Debug|Any CPU
		{CCFA6E32-253E-4E0D-A8FA-5856069268F9}.Debug|Any CPU.Build.0 = Debug|Any CPU
		{CCFA6E32-253E-4E0D-A8FA-5856069268F9}.Debug|x64.ActiveCfg = Debug|x64
		{CCFA6E32-253E-4E0D-A8FA-5856069268F9}.Debug|x64.Build.0 = Debug|x64
		{CCFA6E32-253E-4E0D-A8FA-5856069268F9}.Debug|x86.ActiveCfg = Debug|Any CPU
		{CCFA6E32-253E-4E0D-A8FA-5856069268F9}.Debug|x86.Build.0 = Debug|Any CPU
		{CCFA6E32-253E-4E0D-A8FA-5856069268F9}.Release|Any CPU.ActiveCfg = Release|Any CPU
		{CCFA6E32-253E-4E0D-A8FA-5856069268F9}.Release|Any CPU.Build.0 = Release|Any CPU
		{CCFA6E32-253E-4E0D-A8FA-5856069268F9}.Release|x64.ActiveCfg = Release|x64
		{CCFA6E32-253E-4E0D-A8FA-5856069268F9}.Release|x64.Build.0 = Release|x64
		{CCFA6E32-253E-4E0D-A8FA-5856069268F9}.Release|x86.ActiveCfg = Release|Any CPU
		{CCFA6E32-253E-4E0D-A8FA-5856069268F9}.Release|x86.Build.0 = Release|Any CPU
		{0F69615E-50D1-40D9-896A-2887A8C68B09}.Debug|Any CPU.ActiveCfg = Debug|Any CPU
		{0F69615E-50D1-40D9-896A-2887A8C68B09}.Debug|Any CPU.Build.0 = Debug|Any CPU
		{0F69615E-50D1-40D9-896A-2887A8C68B09}.Debug|x64.ActiveCfg = Debug|x64
		{0F69615E-50D1-40D9-896A-2887A8C68B09}.Debug|x64.Build.0 = Debug|x64
		{0F69615E-50D1-40D9-896A-2887A8C68B09}.Debug|x86.ActiveCfg = Debug|Any CPU
		{0F69615E-50D1-40D9-896A-2887A8C68B09}.Debug|x86.Build.0 = Debug|Any CPU
		{0F69615E-50D1-40D9-896A-2887A8C68B09}.Release|Any CPU.ActiveCfg = Release|Any CPU
		{0F69615E-50D1-40D9-896A-2887A8C68B09}.Release|Any CPU.Build.0 = Release|Any CPU
		{0F69615E-50D1-40D9-896A-2887A8C68B09}.Release|x64.ActiveCfg = Release|x64
		{0F69615E-50D1-40D9-896A-2887A8C68B09}.Release|x64.Build.0 = Release|x64
		{0F69615E-50D1-40D9-896A-2887A8C68B09}.Release|x86.ActiveCfg = Release|Any CPU
		{0F69615E-50D1-40D9-896A-2887A8C68B09}.Release|x86.Build.0 = Release|Any CPU
		{F5E77D3F-86E7-435B-B269-C1F618EB829C}.Debug|Any CPU.ActiveCfg = Debug|Any CPU
		{F5E77D3F-86E7-435B-B269-C1F618EB829C}.Debug|Any CPU.Build.0 = Debug|Any CPU
		{F5E77D3F-86E7-435B-B269-C1F618EB829C}.Debug|x64.ActiveCfg = Debug|x64
		{F5E77D3F-86E7-435B-B269-C1F618EB829C}.Debug|x64.Build.0 = Debug|x64
		{F5E77D3F-86E7-435B-B269-C1F618EB829C}.Debug|x86.ActiveCfg = Debug|Any CPU
		{F5E77D3F-86E7-435B-B269-C1F618EB829C}.Debug|x86.Build.0 = Debug|Any CPU
		{F5E77D3F-86E7-435B-B269-C1F618EB829C}.Release|Any CPU.ActiveCfg = Release|Any CPU
		{F5E77D3F-86E7-435B-B269-C1F618EB829C}.Release|Any CPU.Build.0 = Release|Any CPU
		{F5E77D3F-86E7-435B-B269-C1F618EB829C}.Release|x64.ActiveCfg = Release|x64
		{F5E77D3F-86E7-435B-B269-C1F618EB829C}.Release|x64.Build.0 = Release|x64
		{F5E77D3F-86E7-435B-B269-C1F618EB829C}.Release|x86.ActiveCfg = Release|Any CPU
		{F5E77D3F-86E7-435B-B269-C1F618EB829C}.Release|x86.Build.0 = Release|Any CPU
		{EC12671D-FB67-4E24-9CB7-0785CE78BD06}.Debug|Any CPU.ActiveCfg = Debug|Any CPU
		{EC12671D-FB67-4E24-9CB7-0785CE78BD06}.Debug|Any CPU.Build.0 = Debug|Any CPU
		{EC12671D-FB67-4E24-9CB7-0785CE78BD06}.Debug|x64.ActiveCfg = Debug|x64
		{EC12671D-FB67-4E24-9CB7-0785CE78BD06}.Debug|x64.Build.0 = Debug|x64
		{EC12671D-FB67-4E24-9CB7-0785CE78BD06}.Debug|x86.ActiveCfg = Debug|Any CPU
		{EC12671D-FB67-4E24-9CB7-0785CE78BD06}.Debug|x86.Build.0 = Debug|Any CPU
		{EC12671D-FB67-4E24-9CB7-0785CE78BD06}.Release|Any CPU.ActiveCfg = Release|Any CPU
		{EC12671D-FB67-4E24-9CB7-0785CE78BD06}.Release|Any CPU.Build.0 = Release|Any CPU
		{EC12671D-FB67-4E24-9CB7-0785CE78BD06}.Release|x64.ActiveCfg = Release|x64
		{EC12671D-FB67-4E24-9CB7-0785CE78BD06}.Release|x64.Build.0 = Release|x64
		{EC12671D-FB67-4E24-9CB7-0785CE78BD06}.Release|x86.ActiveCfg = Release|Any CPU
		{EC12671D-FB67-4E24-9CB7-0785CE78BD06}.Release|x86.Build.0 = Release|Any CPU
		{479C57F7-2B45-48F4-B434-C7E59D0B0F7B}.Debug|Any CPU.ActiveCfg = Debug|Any CPU
		{479C57F7-2B45-48F4-B434-C7E59D0B0F7B}.Debug|Any CPU.Build.0 = Debug|Any CPU
		{479C57F7-2B45-48F4-B434-C7E59D0B0F7B}.Debug|x64.ActiveCfg = Debug|x64
		{479C57F7-2B45-48F4-B434-C7E59D0B0F7B}.Debug|x64.Build.0 = Debug|x64
		{479C57F7-2B45-48F4-B434-C7E59D0B0F7B}.Debug|x86.ActiveCfg = Debug|Any CPU
		{479C57F7-2B45-48F4-B434-C7E59D0B0F7B}.Debug|x86.Build.0 = Debug|Any CPU
		{479C57F7-2B45-48F4-B434-C7E59D0B0F7B}.Release|Any CPU.ActiveCfg = Release|Any CPU
		{479C57F7-2B45-48F4-B434-C7E59D0B0F7B}.Release|Any CPU.Build.0 = Release|Any CPU
		{479C57F7-2B45-48F4-B434-C7E59D0B0F7B}.Release|x64.ActiveCfg = Release|x64
		{479C57F7-2B45-48F4-B434-C7E59D0B0F7B}.Release|x64.Build.0 = Release|x64
		{479C57F7-2B45-48F4-B434-C7E59D0B0F7B}.Release|x86.ActiveCfg = Release|Any CPU
		{479C57F7-2B45-48F4-B434-C7E59D0B0F7B}.Release|x86.Build.0 = Release|Any CPU
		{F89973D5-0B32-4DAA-80B7-8A5A7F717168}.Debug|Any CPU.ActiveCfg = Debug|Any CPU
		{F89973D5-0B32-4DAA-80B7-8A5A7F717168}.Debug|Any CPU.Build.0 = Debug|Any CPU
		{F89973D5-0B32-4DAA-80B7-8A5A7F717168}.Debug|x64.ActiveCfg = Debug|x64
		{F89973D5-0B32-4DAA-80B7-8A5A7F717168}.Debug|x64.Build.0 = Debug|x64
		{F89973D5-0B32-4DAA-80B7-8A5A7F717168}.Debug|x86.ActiveCfg = Debug|Any CPU
		{F89973D5-0B32-4DAA-80B7-8A5A7F717168}.Debug|x86.Build.0 = Debug|Any CPU
		{F89973D5-0B32-4DAA-80B7-8A5A7F717168}.Release|Any CPU.ActiveCfg = Release|Any CPU
		{F89973D5-0B32-4DAA-80B7-8A5A7F717168}.Release|Any CPU.Build.0 = Release|Any CPU
		{F89973D5-0B32-4DAA-80B7-8A5A7F717168}.Release|x64.ActiveCfg = Release|x64
		{F89973D5-0B32-4DAA-80B7-8A5A7F717168}.Release|x64.Build.0 = Release|x64
		{F89973D5-0B32-4DAA-80B7-8A5A7F717168}.Release|x86.ActiveCfg = Release|Any CPU
		{F89973D5-0B32-4DAA-80B7-8A5A7F717168}.Release|x86.Build.0 = Release|Any CPU
		{815A286D-DAF5-42B6-90E6-9CB1AA73CCB2}.Debug|Any CPU.ActiveCfg = Debug|Any CPU
		{815A286D-DAF5-42B6-90E6-9CB1AA73CCB2}.Debug|Any CPU.Build.0 = Debug|Any CPU
		{815A286D-DAF5-42B6-90E6-9CB1AA73CCB2}.Debug|x64.ActiveCfg = Debug|x64
		{815A286D-DAF5-42B6-90E6-9CB1AA73CCB2}.Debug|x64.Build.0 = Debug|x64
		{815A286D-DAF5-42B6-90E6-9CB1AA73CCB2}.Debug|x86.ActiveCfg = Debug|Any CPU
		{815A286D-DAF5-42B6-90E6-9CB1AA73CCB2}.Debug|x86.Build.0 = Debug|Any CPU
		{815A286D-DAF5-42B6-90E6-9CB1AA73CCB2}.Release|Any CPU.ActiveCfg = Release|Any CPU
		{815A286D-DAF5-42B6-90E6-9CB1AA73CCB2}.Release|Any CPU.Build.0 = Release|Any CPU
		{815A286D-DAF5-42B6-90E6-9CB1AA73CCB2}.Release|x64.ActiveCfg = Release|x64
		{815A286D-DAF5-42B6-90E6-9CB1AA73CCB2}.Release|x64.Build.0 = Release|x64
		{815A286D-DAF5-42B6-90E6-9CB1AA73CCB2}.Release|x86.ActiveCfg = Release|Any CPU
		{815A286D-DAF5-42B6-90E6-9CB1AA73CCB2}.Release|x86.Build.0 = Release|Any CPU
		{8C7DE68F-5FCC-4779-AE38-5EACEB84A4EC}.Debug|Any CPU.ActiveCfg = Debug|Any CPU
		{8C7DE68F-5FCC-4779-AE38-5EACEB84A4EC}.Debug|Any CPU.Build.0 = Debug|Any CPU
		{8C7DE68F-5FCC-4779-AE38-5EACEB84A4EC}.Debug|x64.ActiveCfg = Debug|x64
		{8C7DE68F-5FCC-4779-AE38-5EACEB84A4EC}.Debug|x64.Build.0 = Debug|x64
		{8C7DE68F-5FCC-4779-AE38-5EACEB84A4EC}.Debug|x86.ActiveCfg = Debug|Any CPU
		{8C7DE68F-5FCC-4779-AE38-5EACEB84A4EC}.Debug|x86.Build.0 = Debug|Any CPU
		{8C7DE68F-5FCC-4779-AE38-5EACEB84A4EC}.Release|Any CPU.ActiveCfg = Release|Any CPU
		{8C7DE68F-5FCC-4779-AE38-5EACEB84A4EC}.Release|Any CPU.Build.0 = Release|Any CPU
		{8C7DE68F-5FCC-4779-AE38-5EACEB84A4EC}.Release|x64.ActiveCfg = Release|x64
		{8C7DE68F-5FCC-4779-AE38-5EACEB84A4EC}.Release|x64.Build.0 = Release|x64
		{8C7DE68F-5FCC-4779-AE38-5EACEB84A4EC}.Release|x86.ActiveCfg = Release|Any CPU
		{8C7DE68F-5FCC-4779-AE38-5EACEB84A4EC}.Release|x86.Build.0 = Release|Any CPU
		{8F6B53CF-9E41-4535-BAB4-CCF1F34A8238}.Debug|Any CPU.ActiveCfg = Debug|Any CPU
		{8F6B53CF-9E41-4535-BAB4-CCF1F34A8238}.Debug|Any CPU.Build.0 = Debug|Any CPU
		{8F6B53CF-9E41-4535-BAB4-CCF1F34A8238}.Debug|x64.ActiveCfg = Debug|x64
		{8F6B53CF-9E41-4535-BAB4-CCF1F34A8238}.Debug|x64.Build.0 = Debug|x64
		{8F6B53CF-9E41-4535-BAB4-CCF1F34A8238}.Debug|x86.ActiveCfg = Debug|Any CPU
		{8F6B53CF-9E41-4535-BAB4-CCF1F34A8238}.Debug|x86.Build.0 = Debug|Any CPU
		{8F6B53CF-9E41-4535-BAB4-CCF1F34A8238}.Release|Any CPU.ActiveCfg = Release|Any CPU
		{8F6B53CF-9E41-4535-BAB4-CCF1F34A8238}.Release|Any CPU.Build.0 = Release|Any CPU
		{8F6B53CF-9E41-4535-BAB4-CCF1F34A8238}.Release|x64.ActiveCfg = Release|x64
		{8F6B53CF-9E41-4535-BAB4-CCF1F34A8238}.Release|x64.Build.0 = Release|x64
		{8F6B53CF-9E41-4535-BAB4-CCF1F34A8238}.Release|x86.ActiveCfg = Release|Any CPU
		{8F6B53CF-9E41-4535-BAB4-CCF1F34A8238}.Release|x86.Build.0 = Release|Any CPU
		{6D6AF5BB-B73C-4A48-B798-3B2CF22A70AB}.Debug|Any CPU.ActiveCfg = Debug|Any CPU
		{6D6AF5BB-B73C-4A48-B798-3B2CF22A70AB}.Debug|Any CPU.Build.0 = Debug|Any CPU
		{6D6AF5BB-B73C-4A48-B798-3B2CF22A70AB}.Debug|x64.ActiveCfg = Debug|x64
		{6D6AF5BB-B73C-4A48-B798-3B2CF22A70AB}.Debug|x64.Build.0 = Debug|x64
		{6D6AF5BB-B73C-4A48-B798-3B2CF22A70AB}.Debug|x86.ActiveCfg = Debug|Any CPU
		{6D6AF5BB-B73C-4A48-B798-3B2CF22A70AB}.Debug|x86.Build.0 = Debug|Any CPU
		{6D6AF5BB-B73C-4A48-B798-3B2CF22A70AB}.Release|Any CPU.ActiveCfg = Release|Any CPU
		{6D6AF5BB-B73C-4A48-B798-3B2CF22A70AB}.Release|Any CPU.Build.0 = Release|Any CPU
		{6D6AF5BB-B73C-4A48-B798-3B2CF22A70AB}.Release|x64.ActiveCfg = Release|x64
		{6D6AF5BB-B73C-4A48-B798-3B2CF22A70AB}.Release|x64.Build.0 = Release|x64
		{6D6AF5BB-B73C-4A48-B798-3B2CF22A70AB}.Release|x86.ActiveCfg = Release|Any CPU
		{6D6AF5BB-B73C-4A48-B798-3B2CF22A70AB}.Release|x86.Build.0 = Release|Any CPU
		{854BB370-F593-4B1E-AA64-D42C22365BC1}.Debug|Any CPU.ActiveCfg = Debug|Any CPU
		{854BB370-F593-4B1E-AA64-D42C22365BC1}.Debug|Any CPU.Build.0 = Debug|Any CPU
		{854BB370-F593-4B1E-AA64-D42C22365BC1}.Debug|x64.ActiveCfg = Debug|Any CPU
		{854BB370-F593-4B1E-AA64-D42C22365BC1}.Debug|x64.Build.0 = Debug|Any CPU
		{854BB370-F593-4B1E-AA64-D42C22365BC1}.Debug|x86.ActiveCfg = Debug|Any CPU
		{854BB370-F593-4B1E-AA64-D42C22365BC1}.Debug|x86.Build.0 = Debug|Any CPU
		{854BB370-F593-4B1E-AA64-D42C22365BC1}.Release|Any CPU.ActiveCfg = Release|Any CPU
		{854BB370-F593-4B1E-AA64-D42C22365BC1}.Release|Any CPU.Build.0 = Release|Any CPU
		{854BB370-F593-4B1E-AA64-D42C22365BC1}.Release|x64.ActiveCfg = Release|Any CPU
		{854BB370-F593-4B1E-AA64-D42C22365BC1}.Release|x64.Build.0 = Release|Any CPU
		{854BB370-F593-4B1E-AA64-D42C22365BC1}.Release|x86.ActiveCfg = Release|Any CPU
		{854BB370-F593-4B1E-AA64-D42C22365BC1}.Release|x86.Build.0 = Release|Any CPU
	EndGlobalSection
	GlobalSection(SolutionProperties) = preSolution
		HideSolutionNode = FALSE
	EndGlobalSection
	GlobalSection(NestedProjects) = preSolution
		{8DAC7C79-FD66-4A7F-BB82-C0A47AA4E355} = {C868A953-A814-4347-BBF1-539267C99E98}
		{24284E74-8AC3-42AB-8AA5-BA3AFC5B41A2} = {C868A953-A814-4347-BBF1-539267C99E98}
		{2F9E408C-0BFB-4D37-9645-750A8752BDB4} = {C868A953-A814-4347-BBF1-539267C99E98}
		{D4F2D80E-E10A-4A3A-BDCA-2DC3C1BECA9B} = {C868A953-A814-4347-BBF1-539267C99E98}
	EndGlobalSection
	GlobalSection(ExtensibilityGlobals) = postSolution
		SolutionGuid = {B33F41F1-0210-439B-A2B7-60A3ECA66F72}
	EndGlobalSection
EndGlobal
